lockfileVersion: '6.0'

settings:
  autoInstallPeers: true
  excludeLinksFromLockfile: false

dependencies:
  reassert:
    specifier: ^1.1.19
    version: 1.1.21

packages:

  /@brillout/format-text@0.1.3:
    resolution: {integrity: sha512-79/JKUOr+POW3XAfRDDxoxCjGBeD5KVwkzBWhK7KPA66HCTwEqb7unqxfVGSJZ9MnL/NiMb0shhzRkydMC/YFg==}
    dependencies:
      reassert: 1.1.21
      string-width: 2.1.1
    dev: false

  /ansi-regex@3.0.1:
    resolution: {integrity: sha512-+O9Jct8wf++lXxxFc4hc8LsjaSq0HFzzL7cVsw8pRDIPdjKD2mT4ytDZlLuSBZ4cLKZFXIrMGO7DbQCtMJJMKw==}
    engines: {node: '>=4'}
    dev: false

  /is-fullwidth-code-point@2.0.0:
    resolution: {integrity: sha512-VHskAKYM8RfSFXwee5t5cbN5PZeq1Wrh6qd5bkyiXIf6UQcN6w/A0eXM9r6t8d+GYOh+o6ZhiEnb88LN/Y8m2w==}
    engines: {node: '>=4'}
    dev: false

  /reassert@1.1.21:
    resolution: {integrity: sha512-Ff2/AaIE5LDTrsEBUDKFb65klJki9xibTKi7loj9bGxBrQBb4BubgvJLEyKRlzrr4SFmg0QzfdcTojU9NHn0Zw==}
    dependencies:
      '@brillout/format-text': 0.1.3
    dev: false

  /string-width@2.1.1:
    resolution: {integrity: sha512-nOqH59deCq9SRHlxq1Aw85Jnt4w6KvLKqWVik6oA9ZklXLNIOlqg4F2yrT1MVaTjAqvVwdfeZ7w7aCvJD7ugkw==}
    engines: {node: '>=4'}
    dependencies:
      is-fullwidth-code-point: 2.0.0
      strip-ansi: 4.0.0
    dev: false

  /strip-ansi@4.0.0:
    resolution: {integrity: sha512-4XaJ2zQdCzROZDivEVIDPkcQn8LMFSa8kj8Gxb/Lnwzv9A8VctNZ+lfivC/sV3ivW8ElJTERXZoPBRrZKkNKow==}
    engines: {node: '>=4'}
    dependencies:
      ansi-regex: 3.0.1
    dev: false
